FORGE
  remote: http://forge.puppetlabs.com
  specs:
    alup/rbenv (1.2.0)
    puppetlabs/stdlib (4.1.0)

GIT
  remote: git://github.com/jfryman/puppet-nginx.git
  ref: master
  sha: ca7d2dbd1d27fdbb0e2bbdda6479431af2617fd0
  specs:
    nginx (0.0.1)
      puppetlabs/stdlib (>= 0.1.6)

GIT
  remote: git://github.com/puppetlabs/puppetlabs-stdlib.git
  ref: master
  sha: 4d2558f383e18bbe322dd0feb073555491216ab4
  specs:
    stdlib (4.1.0)

DEPENDENCIES
  alup/rbenv (>= 0)
  nginx (>= 0)
  stdlib (>= 0)

